
Microsoft Visual Studio Solution File, Format Version 12.00
# Visual Studio 15
VisualStudioVersion = 15.0.27130.2010
MinimumVisualStudioVersion = 10.0.40219.1
Project("{2150E333-8FDC-42A3-9474-1A3956D46DE8}") = "0. Commom", "0. Commom", "{36CDB131-4EC7-4CA5-B229-01222E6E8C1D}"
EndProject
Project("{2150E333-8FDC-42A3-9474-1A3956D46DE8}") = "8. Store", "8. Store", "{D5F4B7D0-EF38-4642-9364-E1EDD991F1A5}"
EndProject
Project("{2150E333-8FDC-42A3-9474-1A3956D46DE8}") = "1. Access", "1. Access", "{BE8148C7-2CF5-4970-B062-3A041577F768}"
EndProject
Project("{2150E333-8FDC-42A3-9474-1A3956D46DE8}") = "3. Billing", "3. Billing", "{D3220C62-BD51-4C42-91CF-820B5B13BEF4}"
EndProject
Project("{2150E333-8FDC-42A3-9474-1A3956D46DE8}") = "4. Delivery", "4. Delivery", "{11C5450A-1DA4-4E66-AA61-B59F8A611AF3}"
EndProject
Project("{2150E333-8FDC-42A3-9474-1A3956D46DE8}") = "5. Stock", "5. Stock", "{1D3FA20E-BEF4-4CEF-9930-56F74354691C}"
EndProject
Project("{2150E333-8FDC-42A3-9474-1A3956D46DE8}") = "7. Reports", "7. Reports", "{B9A9ABD0-9F4C-4F40-9B93-34F4F038E986}"
EndProject
Project("{FAE04EC0-301F-11D3-BF4B-00C04F79EFBC}") = "Gadz.Shop.Store", "Gadz.Shop.Store.Desktop\Gadz.Shop.Store.csproj", "{4018E626-6A5C-463C-AC58-A0E6C0539311}"
EndProject
Project("{FAE04EC0-301F-11D3-BF4B-00C04F79EFBC}") = "Gadz.Shop.Commom.Resources", "Gadz.Shop.Commom.Resources\Gadz.Shop.Commom.Resources.csproj", "{E58C2EEA-71BE-4452-A62F-197C7AA2C87E}"
EndProject
Project("{FAE04EC0-301F-11D3-BF4B-00C04F79EFBC}") = "Gadz.Shop.Commom.Forms", "Gadz.Shop.Commom.Forms\Gadz.Shop.Commom.Forms.csproj", "{FB27C6E3-8F95-476D-823F-2FA460610B6A}"
EndProject
Project("{FAE04EC0-301F-11D3-BF4B-00C04F79EFBC}") = "Gadz.Shop.Commom.Model", "Gadz.Shop.Commom.Model\Gadz.Shop.Commom.Model.csproj", "{51BE1507-C09A-4763-9B08-A109DD46B06F}"
EndProject
Project("{FAE04EC0-301F-11D3-BF4B-00C04F79EFBC}") = "Gadz.Shop.Access", "Gadz.Shop.Access\Gadz.Shop.Access.csproj", "{C5383832-13CF-4EC3-91CC-B6495AC9AAD7}"
EndProject
Project("{FAE04EC0-301F-11D3-BF4B-00C04F79EFBC}") = "Gadz.Shop.Access.Forms", "Gadz.Shop.Access.Forms\Gadz.Shop.Access.Forms.csproj", "{DA187C91-AADC-490F-A95A-449ED815A066}"
EndProject
Project("{FAE04EC0-301F-11D3-BF4B-00C04F79EFBC}") = "Gadz.Shop.Billing", "Gadz.Shop.Billing\Gadz.Shop.Billing.csproj", "{EA1743BC-4E80-4D54-90CE-ACFEE92CAFC1}"
EndProject
Project("{FAE04EC0-301F-11D3-BF4B-00C04F79EFBC}") = "Gadz.Shop.Delivery", "Gadz.Shop.Delivery\Gadz.Shop.Delivery.csproj", "{D59059BE-4C57-47B3-9CFB-E3098BAA8A70}"
EndProject
Project("{FAE04EC0-301F-11D3-BF4B-00C04F79EFBC}") = "Gadz.Shop.Stock", "Gadz.Shop.Stock\Gadz.Shop.Stock.csproj", "{2504BEE8-35CD-40A1-A905-92B20A36BE3C}"
EndProject
Project("{FAE04EC0-301F-11D3-BF4B-00C04F79EFBC}") = "Gadz.Shop.Billing.Forms", "Gadz.Shop.Billing.Forms\Gadz.Shop.Billing.Forms.csproj", "{45B790FD-409F-48AF-96C8-6D845AC17021}"
EndProject
Project("{FAE04EC0-301F-11D3-BF4B-00C04F79EFBC}") = "Gadz.Shop.Delivery.Forms", "Gadz.Shop.Delivery.Forms\Gadz.Shop.Delivery.Forms.csproj", "{B8583020-C9C3-4FA4-9DEF-8BD738DF75CF}"
EndProject
Project("{FAE04EC0-301F-11D3-BF4B-00C04F79EFBC}") = "Gadz.Shop.Stock.Forms", "Gadz.Shop.Stock.Forms\Gadz.Shop.Stock.Forms.csproj", "{F2C64890-A5BB-418A-A811-0DCD139C82B7}"
EndProject
Project("{2150E333-8FDC-42A3-9474-1A3956D46DE8}") = "2. Selling", "2. Selling", "{F0199DCB-5545-4A9D-A8EB-21907ACD07EF}"
EndProject
Project("{FAE04EC0-301F-11D3-BF4B-00C04F79EFBC}") = "Gadz.Shop.Selling", "Gadz.Shop.Selling\Gadz.Shop.Selling.csproj", "{28BAE424-8685-471A-A972-B4BE512F5ED1}"
EndProject
Project("{FAE04EC0-301F-11D3-BF4B-00C04F79EFBC}") = "Gadz.Shop.Selling.Forms", "Gadz.Shop.Selling.Forms\Gadz.Shop.Selling.Forms.csproj", "{309D55BE-8F94-4060-990D-04A78B22B987}"
EndProject
Project("{FAE04EC0-301F-11D3-BF4B-00C04F79EFBC}") = "Gadz.Shop.Commom.Utils", "Gadz.Shop.Commom.Utils\Gadz.Shop.Commom.Utils.csproj", "{6DB73FF5-B44C-476B-9747-E593E4E6B1B4}"
EndProject
Project("{2150E333-8FDC-42A3-9474-1A3956D46DE8}") = "6. HumanResources", "6. HumanResources", "{5669298B-134B-4087-8155-D2C376255B66}"
EndProject
Project("{FAE04EC0-301F-11D3-BF4B-00C04F79EFBC}") = "Gadz.Shop.HR", "Gadz.Shop.HR\Gadz.Shop.HR.csproj", "{65586289-6E9D-4B37-AB22-942FE078C336}"
EndProject
Project("{FAE04EC0-301F-11D3-BF4B-00C04F79EFBC}") = "Gadz.Shop.HR.Forms", "Gadz.Shop.HR.Forms\Gadz.Shop.HR.Forms.csproj", "{28387A7D-AAAE-4BAE-91D3-4E7D54FCCB36}"
EndProject
Global
	GlobalSection(SolutionConfigurationPlatforms) = preSolution
		Debug|Any CPU = Debug|Any CPU
		Release|Any CPU = Release|Any CPU
	EndGlobalSection
	GlobalSection(ProjectConfigurationPlatforms) = postSolution
		{4018E626-6A5C-463C-AC58-A0E6C0539311}.Debug|Any CPU.ActiveCfg = Debug|Any CPU
		{4018E626-6A5C-463C-AC58-A0E6C0539311}.Debug|Any CPU.Build.0 = Debug|Any CPU
		{4018E626-6A5C-463C-AC58-A0E6C0539311}.Release|Any CPU.ActiveCfg = Release|Any CPU
		{4018E626-6A5C-463C-AC58-A0E6C0539311}.Release|Any CPU.Build.0 = Release|Any CPU
		{E58C2EEA-71BE-4452-A62F-197C7AA2C87E}.Debug|Any CPU.ActiveCfg = Debug|Any CPU
		{E58C2EEA-71BE-4452-A62F-197C7AA2C87E}.Debug|Any CPU.Build.0 = Debug|Any CPU
		{E58C2EEA-71BE-4452-A62F-197C7AA2C87E}.Release|Any CPU.ActiveCfg = Release|Any CPU
		{E58C2EEA-71BE-4452-A62F-197C7AA2C87E}.Release|Any CPU.Build.0 = Release|Any CPU
		{FB27C6E3-8F95-476D-823F-2FA460610B6A}.Debug|Any CPU.ActiveCfg = Debug|Any CPU
		{FB27C6E3-8F95-476D-823F-2FA460610B6A}.Debug|Any CPU.Build.0 = Debug|Any CPU
		{FB27C6E3-8F95-476D-823F-2FA460610B6A}.Release|Any CPU.ActiveCfg = Release|Any CPU
		{FB27C6E3-8F95-476D-823F-2FA460610B6A}.Release|Any CPU.Build.0 = Release|Any CPU
		{51BE1507-C09A-4763-9B08-A109DD46B06F}.Debug|Any CPU.ActiveCfg = Debug|Any CPU
		{51BE1507-C09A-4763-9B08-A109DD46B06F}.Debug|Any CPU.Build.0 = Debug|Any CPU
		{51BE1507-C09A-4763-9B08-A109DD46B06F}.Release|Any CPU.ActiveCfg = Release|Any CPU
		{51BE1507-C09A-4763-9B08-A109DD46B06F}.Release|Any CPU.Build.0 = Release|Any CPU
		{C5383832-13CF-4EC3-91CC-B6495AC9AAD7}.Debug|Any CPU.ActiveCfg = Debug|Any CPU
		{C5383832-13CF-4EC3-91CC-B6495AC9AAD7}.Debug|Any CPU.Build.0 = Debug|Any CPU
		{C5383832-13CF-4EC3-91CC-B6495AC9AAD7}.Release|Any CPU.ActiveCfg = Release|Any CPU
		{C5383832-13CF-4EC3-91CC-B6495AC9AAD7}.Release|Any CPU.Build.0 = Release|Any CPU
		{DA187C91-AADC-490F-A95A-449ED815A066}.Debug|Any CPU.ActiveCfg = Debug|Any CPU
		{DA187C91-AADC-490F-A95A-449ED815A066}.Debug|Any CPU.Build.0 = Debug|Any CPU
		{DA187C91-AADC-490F-A95A-449ED815A066}.Release|Any CPU.ActiveCfg = Release|Any CPU
		{DA187C91-AADC-490F-A95A-449ED815A066}.Release|Any CPU.Build.0 = Release|Any CPU
		{EA1743BC-4E80-4D54-90CE-ACFEE92CAFC1}.Debug|Any CPU.ActiveCfg = Debug|Any CPU
		{EA1743BC-4E80-4D54-90CE-ACFEE92CAFC1}.Debug|Any CPU.Build.0 = Debug|Any CPU
		{EA1743BC-4E80-4D54-90CE-ACFEE92CAFC1}.Release|Any CPU.ActiveCfg = Release|Any CPU
		{EA1743BC-4E80-4D54-90CE-ACFEE92CAFC1}.Release|Any CPU.Build.0 = Release|Any CPU
		{D59059BE-4C57-47B3-9CFB-E3098BAA8A70}.Debug|Any CPU.ActiveCfg = Debug|Any CPU
		{D59059BE-4C57-47B3-9CFB-E3098BAA8A70}.Debug|Any CPU.Build.0 = Debug|Any CPU
		{D59059BE-4C57-47B3-9CFB-E3098BAA8A70}.Release|Any CPU.ActiveCfg = Release|Any CPU
		{D59059BE-4C57-47B3-9CFB-E3098BAA8A70}.Release|Any CPU.Build.0 = Release|Any CPU
		{2504BEE8-35CD-40A1-A905-92B20A36BE3C}.Debug|Any CPU.ActiveCfg = Debug|Any CPU
		{2504BEE8-35CD-40A1-A905-92B20A36BE3C}.Debug|Any CPU.Build.0 = Debug|Any CPU
		{2504BEE8-35CD-40A1-A905-92B20A36BE3C}.Release|Any CPU.ActiveCfg = Release|Any CPU
		{2504BEE8-35CD-40A1-A905-92B20A36BE3C}.Release|Any CPU.Build.0 = Release|Any CPU
		{45B790FD-409F-48AF-96C8-6D845AC17021}.Debug|Any CPU.ActiveCfg = Debug|Any CPU
		{45B790FD-409F-48AF-96C8-6D845AC17021}.Debug|Any CPU.Build.0 = Debug|Any CPU
		{45B790FD-409F-48AF-96C8-6D845AC17021}.Release|Any CPU.ActiveCfg = Release|Any CPU
		{45B790FD-409F-48AF-96C8-6D845AC17021}.Release|Any CPU.Build.0 = Release|Any CPU
		{B8583020-C9C3-4FA4-9DEF-8BD738DF75CF}.Debug|Any CPU.ActiveCfg = Debug|Any CPU
		{B8583020-C9C3-4FA4-9DEF-8BD738DF75CF}.Debug|Any CPU.Build.0 = Debug|Any CPU
		{B8583020-C9C3-4FA4-9DEF-8BD738DF75CF}.Release|Any CPU.ActiveCfg = Release|Any CPU
		{B8583020-C9C3-4FA4-9DEF-8BD738DF75CF}.Release|Any CPU.Build.0 = Release|Any CPU
		{F2C64890-A5BB-418A-A811-0DCD139C82B7}.Debug|Any CPU.ActiveCfg = Debug|Any CPU
		{F2C64890-A5BB-418A-A811-0DCD139C82B7}.Debug|Any CPU.Build.0 = Debug|Any CPU
		{F2C64890-A5BB-418A-A811-0DCD139C82B7}.Release|Any CPU.ActiveCfg = Release|Any CPU
		{F2C64890-A5BB-418A-A811-0DCD139C82B7}.Release|Any CPU.Build.0 = Release|Any CPU
		{28BAE424-8685-471A-A972-B4BE512F5ED1}.Debug|Any CPU.ActiveCfg = Debug|Any CPU
		{28BAE424-8685-471A-A972-B4BE512F5ED1}.Debug|Any CPU.Build.0 = Debug|Any CPU
		{28BAE424-8685-471A-A972-B4BE512F5ED1}.Release|Any CPU.ActiveCfg = Release|Any CPU
		{28BAE424-8685-471A-A972-B4BE512F5ED1}.Release|Any CPU.Build.0 = Release|Any CPU
		{309D55BE-8F94-4060-990D-04A78B22B987}.Debug|Any CPU.ActiveCfg = Debug|Any CPU
		{309D55BE-8F94-4060-990D-04A78B22B987}.Debug|Any CPU.Build.0 = Debug|Any CPU
		{309D55BE-8F94-4060-990D-04A78B22B987}.Release|Any CPU.ActiveCfg = Release|Any CPU
		{309D55BE-8F94-4060-990D-04A78B22B987}.Release|Any CPU.Build.0 = Release|Any CPU
		{6DB73FF5-B44C-476B-9747-E593E4E6B1B4}.Debug|Any CPU.ActiveCfg = Debug|Any CPU
		{6DB73FF5-B44C-476B-9747-E593E4E6B1B4}.Debug|Any CPU.Build.0 = Debug|Any CPU
		{6DB73FF5-B44C-476B-9747-E593E4E6B1B4}.Release|Any CPU.ActiveCfg = Release|Any CPU
		{6DB73FF5-B44C-476B-9747-E593E4E6B1B4}.Release|Any CPU.Build.0 = Release|Any CPU
		{65586289-6E9D-4B37-AB22-942FE078C336}.Debug|Any CPU.ActiveCfg = Debug|Any CPU
		{65586289-6E9D-4B37-AB22-942FE078C336}.Debug|Any CPU.Build.0 = Debug|Any CPU
		{65586289-6E9D-4B37-AB22-942FE078C336}.Release|Any CPU.ActiveCfg = Release|Any CPU
		{65586289-6E9D-4B37-AB22-942FE078C336}.Release|Any CPU.Build.0 = Release|Any CPU
		{28387A7D-AAAE-4BAE-91D3-4E7D54FCCB36}.Debug|Any CPU.ActiveCfg = Debug|Any CPU
		{28387A7D-AAAE-4BAE-91D3-4E7D54FCCB36}.Debug|Any CPU.Build.0 = Debug|Any CPU
		{28387A7D-AAAE-4BAE-91D3-4E7D54FCCB36}.Release|Any CPU.ActiveCfg = Release|Any CPU
		{28387A7D-AAAE-4BAE-91D3-4E7D54FCCB36}.Release|Any CPU.Build.0 = Release|Any CPU
	EndGlobalSection
	GlobalSection(SolutionProperties) = preSolution
		HideSolutionNode = FALSE
	EndGlobalSection
	GlobalSection(NestedProjects) = preSolution
		{4018E626-6A5C-463C-AC58-A0E6C0539311} = {D5F4B7D0-EF38-4642-9364-E1EDD991F1A5}
		{E58C2EEA-71BE-4452-A62F-197C7AA2C87E} = {36CDB131-4EC7-4CA5-B229-01222E6E8C1D}
		{FB27C6E3-8F95-476D-823F-2FA460610B6A} = {36CDB131-4EC7-4CA5-B229-01222E6E8C1D}
		{51BE1507-C09A-4763-9B08-A109DD46B06F} = {36CDB131-4EC7-4CA5-B229-01222E6E8C1D}
		{C5383832-13CF-4EC3-91CC-B6495AC9AAD7} = {BE8148C7-2CF5-4970-B062-3A041577F768}
		{DA187C91-AADC-490F-A95A-449ED815A066} = {BE8148C7-2CF5-4970-B062-3A041577F768}
		{EA1743BC-4E80-4D54-90CE-ACFEE92CAFC1} = {D3220C62-BD51-4C42-91CF-820B5B13BEF4}
		{D59059BE-4C57-47B3-9CFB-E3098BAA8A70} = {11C5450A-1DA4-4E66-AA61-B59F8A611AF3}
		{2504BEE8-35CD-40A1-A905-92B20A36BE3C} = {1D3FA20E-BEF4-4CEF-9930-56F74354691C}
		{45B790FD-409F-48AF-96C8-6D845AC17021} = {D3220C62-BD51-4C42-91CF-820B5B13BEF4}
		{B8583020-C9C3-4FA4-9DEF-8BD738DF75CF} = {11C5450A-1DA4-4E66-AA61-B59F8A611AF3}
		{F2C64890-A5BB-418A-A811-0DCD139C82B7} = {1D3FA20E-BEF4-4CEF-9930-56F74354691C}
		{28BAE424-8685-471A-A972-B4BE512F5ED1} = {F0199DCB-5545-4A9D-A8EB-21907ACD07EF}
		{309D55BE-8F94-4060-990D-04A78B22B987} = {F0199DCB-5545-4A9D-A8EB-21907ACD07EF}
		{6DB73FF5-B44C-476B-9747-E593E4E6B1B4} = {36CDB131-4EC7-4CA5-B229-01222E6E8C1D}
		{65586289-6E9D-4B37-AB22-942FE078C336} = {5669298B-134B-4087-8155-D2C376255B66}
		{28387A7D-AAAE-4BAE-91D3-4E7D54FCCB36} = {5669298B-134B-4087-8155-D2C376255B66}
	EndGlobalSection
	GlobalSection(ExtensibilityGlobals) = postSolution
		SolutionGuid = {D8AAAA23-3DBC-4295-B383-94DDBC9DEC65}
	EndGlobalSection
EndGlobal
